
Microsoft Visual Studio Solution File, Format Version 12.00
# Visual Studio Version 16
VisualStudioVersion = 16.0.32510.428
MinimumVisualStudioVersion = 10.0.40219.1
Project("{FAE04EC0-301F-11D3-BF4B-00C04F79EFBC}") = "Trabajo.Practico.Linq.Presentacion", "Trabajo.Practico.Linq.Presentacion\Trabajo.Practico.Linq.Presentacion.csproj", "{CDC18872-980F-4780-B3B1-F7E30F07FC4C}"
EndProject
Project("{FAE04EC0-301F-11D3-BF4B-00C04F79EFBC}") = "Tranbajo.Practico.Linq.Data", "Tranbajo.Practico.Linq.Data\Tranbajo.Practico.Linq.Data.csproj", "{69D07C13-81BB-4D41-BFB2-1E879CAF4689}"
EndProject
Project("{FAE04EC0-301F-11D3-BF4B-00C04F79EFBC}") = "Trabajo.Practico.Linq.Entities", "Trabajo.Practico.Linq.Entities\Trabajo.Practico.Linq.Entities.csproj", "{67A04E38-60EA-419A-A941-351367F6C8FE}"
EndProject
Project("{FAE04EC0-301F-11D3-BF4B-00C04F79EFBC}") = "Trabajo.Practico.Linq.Logic", "Trabajo.Practico.Linq.Logic\Trabajo.Practico.Linq.Logic.csproj", "{8D851FB7-0C0D-49D3-9618-1891353EDC0E}"
EndProject
Global
	GlobalSection(SolutionConfigurationPlatforms) = preSolution
		Debug|Any CPU = Debug|Any CPU
		Release|Any CPU = Release|Any CPU
	EndGlobalSection
	GlobalSection(ProjectConfigurationPlatforms) = postSolution
		{CDC18872-980F-4780-B3B1-F7E30F07FC4C}.Debug|Any CPU.ActiveCfg = Debug|Any CPU
		{CDC18872-980F-4780-B3B1-F7E30F07FC4C}.Debug|Any CPU.Build.0 = Debug|Any CPU
		{CDC18872-980F-4780-B3B1-F7E30F07FC4C}.Release|Any CPU.ActiveCfg = Release|Any CPU
		{CDC18872-980F-4780-B3B1-F7E30F07FC4C}.Release|Any CPU.Build.0 = Release|Any CPU
		{69D07C13-81BB-4D41-BFB2-1E879CAF4689}.Debug|Any CPU.ActiveCfg = Debug|Any CPU
		{69D07C13-81BB-4D41-BFB2-1E879CAF4689}.Debug|Any CPU.Build.0 = Debug|Any CPU
		{69D07C13-81BB-4D41-BFB2-1E879CAF4689}.Release|Any CPU.ActiveCfg = Release|Any CPU
		{69D07C13-81BB-4D41-BFB2-1E879CAF4689}.Release|Any CPU.Build.0 = Release|Any CPU
		{67A04E38-60EA-419A-A941-351367F6C8FE}.Debug|Any CPU.ActiveCfg = Debug|Any CPU
		{67A04E38-60EA-419A-A941-351367F6C8FE}.Debug|Any CPU.Build.0 = Debug|Any CPU
		{67A04E38-60EA-419A-A941-351367F6C8FE}.Release|Any CPU.ActiveCfg = Release|Any CPU
		{67A04E38-60EA-419A-A941-351367F6C8FE}.Release|Any CPU.Build.0 = Release|Any CPU
		{8D851FB7-0C0D-49D3-9618-1891353EDC0E}.Debug|Any CPU.ActiveCfg = Debug|Any CPU
		{8D851FB7-0C0D-49D3-9618-1891353EDC0E}.Debug|Any CPU.Build.0 = Debug|Any CPU
		{8D851FB7-0C0D-49D3-9618-1891353EDC0E}.Release|Any CPU.ActiveCfg = Release|Any CPU
		{8D851FB7-0C0D-49D3-9618-1891353EDC0E}.Release|Any CPU.Build.0 = Release|Any CPU
	EndGlobalSection
	GlobalSection(SolutionProperties) = preSolution
		HideSolutionNode = FALSE
	EndGlobalSection
	GlobalSection(ExtensibilityGlobals) = postSolution
		SolutionGuid = {C0804CF7-D20F-4CED-AFE6-86C446CE780A}
	EndGlobalSection
EndGlobal
